
Microsoft Visual Studio Solution File, Format Version 12.00
# Visual Studio Version 16
VisualStudioVersion = 16.0.32228.343
MinimumVisualStudioVersion = 10.0.40219.1
Project("{FAE04EC0-301F-11D3-BF4B-00C04F79EFBC}") = "Ejercicios-UtilizandoGitHub", "Ejercicios-UtilizandoGitHub\Ejercicios-UtilizandoGitHub.csproj", "{DC9BC8C0-90D5-4377-B088-A115387CE1BD}"
EndProject
Global
	GlobalSection(SolutionConfigurationPlatforms) = preSolution
		Debug|Any CPU = Debug|Any CPU
		Release|Any CPU = Release|Any CPU
	EndGlobalSection
	GlobalSection(ProjectConfigurationPlatforms) = postSolution
		{DC9BC8C0-90D5-4377-B088-A115387CE1BD}.Debug|Any CPU.ActiveCfg = Debug|Any CPU
		{DC9BC8C0-90D5-4377-B088-A115387CE1BD}.Debug|Any CPU.Build.0 = Debug|Any CPU
		{DC9BC8C0-90D5-4377-B088-A115387CE1BD}.Release|Any CPU.ActiveCfg = Release|Any CPU
		{DC9BC8C0-90D5-4377-B088-A115387CE1BD}.Release|Any CPU.Build.0 = Release|Any CPU
	EndGlobalSection
	GlobalSection(SolutionProperties) = preSolution
		HideSolutionNode = FALSE
	EndGlobalSection
	GlobalSection(ExtensibilityGlobals) = postSolution
		SolutionGuid = {5B83DDD7-7688-4CA1-87C6-0F4E1AF87E56}
	EndGlobalSection
EndGlobal
